
Microsoft Visual Studio Solution File, Format Version 12.00
# Visual Studio 15
VisualStudioVersion = 15.0.28307.572
MinimumVisualStudioVersion = 10.0.40219.1
Project("{FAE04EC0-301F-11D3-BF4B-00C04F79EFBC}") = "ConsoleApp1", "ConsoleApp1\ConsoleApp1.csproj", "{D47A44B8-83FB-45EA-A92D-E6BEA4890FCC}"
EndProject
Global
	GlobalSection(SolutionConfigurationPlatforms) = preSolution
		Debug|Any CPU = Debug|Any CPU
		Release|Any CPU = Release|Any CPU
	EndGlobalSection
	GlobalSection(ProjectConfigurationPlatforms) = postSolution
		{D47A44B8-83FB-45EA-A92D-E6BEA4890FCC}.Debug|Any CPU.ActiveCfg = Debug|Any CPU
		{D47A44B8-83FB-45EA-A92D-E6BEA4890FCC}.Debug|Any CPU.Build.0 = Debug|Any CPU
		{D47A44B8-83FB-45EA-A92D-E6BEA4890FCC}.Release|Any CPU.ActiveCfg = Release|Any CPU
		{D47A44B8-83FB-45EA-A92D-E6BEA4890FCC}.Release|Any CPU.Build.0 = Release|Any CPU
	EndGlobalSection
	GlobalSection(SolutionProperties) = preSolution
		HideSolutionNode = FALSE
	EndGlobalSection
	GlobalSection(ExtensibilityGlobals) = postSolution
		SolutionGuid = {18858686-1787-4C4F-A368-1E2902526FAB}
	EndGlobalSection
EndGlobal
